
Microsoft Visual Studio Solution File, Format Version 12.00
# Visual Studio Version 17
VisualStudioVersion = 17.0.32112.339
MinimumVisualStudioVersion = 10.0.40219.1
Project("{FAE04EC0-301F-11D3-BF4B-00C04F79EFBC}") = "BlogApplication", "BlogApplication\BlogApplication.csproj", "{705EB8AD-35D6-4E67-9CB5-BADFECAD63CD}"
EndProject
Project("{FAE04EC0-301F-11D3-BF4B-00C04F79EFBC}") = "BusinessLayer", "BusinessLayer\BusinessLayer.csproj", "{C9BDBEE4-001C-4BBF-AA91-E9F63A9AD86F}"
EndProject
Project("{FAE04EC0-301F-11D3-BF4B-00C04F79EFBC}") = "CoreLayer", "CoreLayer\CoreLayer.csproj", "{2050DD0F-381A-4CB3-96DC-42891DFDC68F}"
EndProject
Project("{FAE04EC0-301F-11D3-BF4B-00C04F79EFBC}") = "DataAccessLayer", "DataAccessLayer\DataAccessLayer.csproj", "{FB092D56-BE09-44E1-9114-BE7459F966ED}"
EndProject
Project("{FAE04EC0-301F-11D3-BF4B-00C04F79EFBC}") = "EntityLayer", "EntityLayer\EntityLayer.csproj", "{5DF97A25-40DD-4EF3-B1A4-EE1F096216A3}"
EndProject
Global
	GlobalSection(SolutionConfigurationPlatforms) = preSolution
		Debug|Any CPU = Debug|Any CPU
		Release|Any CPU = Release|Any CPU
	EndGlobalSection
	GlobalSection(ProjectConfigurationPlatforms) = postSolution
		{705EB8AD-35D6-4E67-9CB5-BADFECAD63CD}.Debug|Any CPU.ActiveCfg = Debug|Any CPU
		{705EB8AD-35D6-4E67-9CB5-BADFECAD63CD}.Debug|Any CPU.Build.0 = Debug|Any CPU
		{705EB8AD-35D6-4E67-9CB5-BADFECAD63CD}.Release|Any CPU.ActiveCfg = Release|Any CPU
		{705EB8AD-35D6-4E67-9CB5-BADFECAD63CD}.Release|Any CPU.Build.0 = Release|Any CPU
		{C9BDBEE4-001C-4BBF-AA91-E9F63A9AD86F}.Debug|Any CPU.ActiveCfg = Debug|Any CPU
		{C9BDBEE4-001C-4BBF-AA91-E9F63A9AD86F}.Debug|Any CPU.Build.0 = Debug|Any CPU
		{C9BDBEE4-001C-4BBF-AA91-E9F63A9AD86F}.Release|Any CPU.ActiveCfg = Release|Any CPU
		{C9BDBEE4-001C-4BBF-AA91-E9F63A9AD86F}.Release|Any CPU.Build.0 = Release|Any CPU
		{2050DD0F-381A-4CB3-96DC-42891DFDC68F}.Debug|Any CPU.ActiveCfg = Debug|Any CPU
		{2050DD0F-381A-4CB3-96DC-42891DFDC68F}.Debug|Any CPU.Build.0 = Debug|Any CPU
		{2050DD0F-381A-4CB3-96DC-42891DFDC68F}.Release|Any CPU.ActiveCfg = Release|Any CPU
		{2050DD0F-381A-4CB3-96DC-42891DFDC68F}.Release|Any CPU.Build.0 = Release|Any CPU
		{FB092D56-BE09-44E1-9114-BE7459F966ED}.Debug|Any CPU.ActiveCfg = Debug|Any CPU
		{FB092D56-BE09-44E1-9114-BE7459F966ED}.Debug|Any CPU.Build.0 = Debug|Any CPU
		{FB092D56-BE09-44E1-9114-BE7459F966ED}.Release|Any CPU.ActiveCfg = Release|Any CPU
		{FB092D56-BE09-44E1-9114-BE7459F966ED}.Release|Any CPU.Build.0 = Release|Any CPU
		{5DF97A25-40DD-4EF3-B1A4-EE1F096216A3}.Debug|Any CPU.ActiveCfg = Debug|Any CPU
		{5DF97A25-40DD-4EF3-B1A4-EE1F096216A3}.Debug|Any CPU.Build.0 = Debug|Any CPU
		{5DF97A25-40DD-4EF3-B1A4-EE1F096216A3}.Release|Any CPU.ActiveCfg = Release|Any CPU
		{5DF97A25-40DD-4EF3-B1A4-EE1F096216A3}.Release|Any CPU.Build.0 = Release|Any CPU
	EndGlobalSection
	GlobalSection(SolutionProperties) = preSolution
		HideSolutionNode = FALSE
	EndGlobalSection
	GlobalSection(ExtensibilityGlobals) = postSolution
		SolutionGuid = {A9B770F4-7CC7-4105-AD56-419FD5475108}
	EndGlobalSection
EndGlobal
